// !$*UTF8*$!
{
	archiveVersion = 1;
	classes = {
	};
	objectVersion = 46;
	objects = {

/* Begin PBXBuildFile section */
		234CEA976B130FA90B0B93A9 /* Pods_iSDU.framework in Frameworks */ = {isa = PBXBuildFile; fileRef = 1932AEE4C62EB01E3C087BB8 /* Pods_iSDU.framework */; };
		272EA3DD1E32DDB8004749A4 /* AppDelegate.swift in Sources */ = {isa = PBXBuildFile; fileRef = 272EA3DC1E32DDB8004749A4 /* AppDelegate.swift */; };
		272EA3E21E32DDB8004749A4 /* Main.storyboard in Resources */ = {isa = PBXBuildFile; fileRef = 272EA3E01E32DDB8004749A4 /* Main.storyboard */; };
		272EA3E41E32DDB9004749A4 /* Assets.xcassets in Resources */ = {isa = PBXBuildFile; fileRef = 272EA3E31E32DDB9004749A4 /* Assets.xcassets */; };
		272EA3E71E32DDB9004749A4 /* LaunchScreen.storyboard in Resources */ = {isa = PBXBuildFile; fileRef = 272EA3E51E32DDB9004749A4 /* LaunchScreen.storyboard */; };
		272EA3F21E32DDB9004749A4 /* iSDUTests.swift in Sources */ = {isa = PBXBuildFile; fileRef = 272EA3F11E32DDB9004749A4 /* iSDUTests.swift */; };
		272EA3FD1E32DDB9004749A4 /* iSDUUITests.swift in Sources */ = {isa = PBXBuildFile; fileRef = 272EA3FC1E32DDB9004749A4 /* iSDUUITests.swift */; };
		2743D4F71E4AFC1F00C2EE50 /* TabOneViewController.swift in Sources */ = {isa = PBXBuildFile; fileRef = 2743D4F61E4AFC1F00C2EE50 /* TabOneViewController.swift */; };
		27A6B4981E40676900BBCAA9 /* WelcomePage.swift in Sources */ = {isa = PBXBuildFile; fileRef = 27A6B4971E40676900BBCAA9 /* WelcomePage.swift */; };
		27A6B49E1E406D9A00BBCAA9 /* GuideCell.swift in Sources */ = {isa = PBXBuildFile; fileRef = 27A6B49D1E406D9A00BBCAA9 /* GuideCell.swift */; };
		721606691E4860CE00411670 /* MainViewController.swift in Sources */ = {isa = PBXBuildFile; fileRef = 721606681E4860CD00411670 /* MainViewController.swift */; };
		7216066C1E48637100411670 /* First.storyboard in Resources */ = {isa = PBXBuildFile; fileRef = 7216066A1E48637100411670 /* First.storyboard */; };
		7216066E1E48639F00411670 /* Second.storyboard in Resources */ = {isa = PBXBuildFile; fileRef = 7216066D1E48639F00411670 /* Second.storyboard */; };
		721606711E4863D600411670 /* Third.storyboard in Resources */ = {isa = PBXBuildFile; fileRef = 7216066F1E4863D600411670 /* Third.storyboard */; };
		722A5FE71E52F2C400BD1E8D /* Fourth.storyboard in Resources */ = {isa = PBXBuildFile; fileRef = 722A5FE51E52F2C400BD1E8D /* Fourth.storyboard */; };
		722D82B11E4B035E00351231 /* CVAuxiliaryView.swift in Sources */ = {isa = PBXBuildFile; fileRef = 722D82921E4B035E00351231 /* CVAuxiliaryView.swift */; };
		722D82B21E4B035E00351231 /* CVCalendarContentViewController.swift in Sources */ = {isa = PBXBuildFile; fileRef = 722D82941E4B035E00351231 /* CVCalendarContentViewController.swift */; };
		722D82B31E4B035E00351231 /* CVCalendarDayView.swift in Sources */ = {isa = PBXBuildFile; fileRef = 722D82951E4B035E00351231 /* CVCalendarDayView.swift */; };
		722D82B41E4B035E00351231 /* CVCalendarDayViewControlCoordinator.swift in Sources */ = {isa = PBXBuildFile; fileRef = 722D82961E4B035E00351231 /* CVCalendarDayViewControlCoordinator.swift */; };
		722D82B51E4B035E00351231 /* CVCalendarManager.swift in Sources */ = {isa = PBXBuildFile; fileRef = 722D82971E4B035E00351231 /* CVCalendarManager.swift */; };
		722D82B61E4B035E00351231 /* CVCalendarMenuView.swift in Sources */ = {isa = PBXBuildFile; fileRef = 722D82981E4B035E00351231 /* CVCalendarMenuView.swift */; };
		722D82B71E4B035E00351231 /* CVCalendarMenuViewDelegate.swift in Sources */ = {isa = PBXBuildFile; fileRef = 722D82991E4B035E00351231 /* CVCalendarMenuViewDelegate.swift */; };
		722D82B81E4B035E00351231 /* CVCalendarMonthContentViewController.swift in Sources */ = {isa = PBXBuildFile; fileRef = 722D829A1E4B035E00351231 /* CVCalendarMonthContentViewController.swift */; };
		722D82B91E4B035E00351231 /* CVCalendarMonthView.swift in Sources */ = {isa = PBXBuildFile; fileRef = 722D829B1E4B035E00351231 /* CVCalendarMonthView.swift */; };
		722D82BA1E4B035E00351231 /* CVCalendarTouchController.swift in Sources */ = {isa = PBXBuildFile; fileRef = 722D829C1E4B035E00351231 /* CVCalendarTouchController.swift */; };
		722D82BB1E4B035E00351231 /* CVCalendarView.swift in Sources */ = {isa = PBXBuildFile; fileRef = 722D829D1E4B035E00351231 /* CVCalendarView.swift */; };
		722D82BC1E4B035E00351231 /* CVCalendarViewAnimator.swift in Sources */ = {isa = PBXBuildFile; fileRef = 722D829E1E4B035E00351231 /* CVCalendarViewAnimator.swift */; };
		722D82BD1E4B035E00351231 /* CVCalendarViewAnimatorDelegate.swift in Sources */ = {isa = PBXBuildFile; fileRef = 722D829F1E4B035E00351231 /* CVCalendarViewAnimatorDelegate.swift */; };
		722D82BE1E4B035E00351231 /* CVCalendarViewAppearance.swift in Sources */ = {isa = PBXBuildFile; fileRef = 722D82A01E4B035E00351231 /* CVCalendarViewAppearance.swift */; };
		722D82BF1E4B035E00351231 /* CVCalendarViewAppearanceDelegate.swift in Sources */ = {isa = PBXBuildFile; fileRef = 722D82A11E4B035E00351231 /* CVCalendarViewAppearanceDelegate.swift */; };
		722D82C01E4B035E00351231 /* CVCalendarViewDelegate.swift in Sources */ = {isa = PBXBuildFile; fileRef = 722D82A21E4B035E00351231 /* CVCalendarViewDelegate.swift */; };
		722D82C11E4B035E00351231 /* CVCalendarViewPresentationMode.swift in Sources */ = {isa = PBXBuildFile; fileRef = 722D82A31E4B035E00351231 /* CVCalendarViewPresentationMode.swift */; };
		722D82C21E4B035E00351231 /* CVCalendarWeekContentViewController.swift in Sources */ = {isa = PBXBuildFile; fileRef = 722D82A41E4B035E00351231 /* CVCalendarWeekContentViewController.swift */; };
		722D82C31E4B035E00351231 /* CVCalendarWeekday.swift in Sources */ = {isa = PBXBuildFile; fileRef = 722D82A51E4B035E00351231 /* CVCalendarWeekday.swift */; };
		722D82C41E4B035E00351231 /* CVCalendarWeekView.swift in Sources */ = {isa = PBXBuildFile; fileRef = 722D82A61E4B035E00351231 /* CVCalendarWeekView.swift */; };
		722D82C51E4B035E00351231 /* CVDate.swift in Sources */ = {isa = PBXBuildFile; fileRef = 722D82A71E4B035E00351231 /* CVDate.swift */; };
		722D82C61E4B035E00351231 /* CVPresent.swift in Sources */ = {isa = PBXBuildFile; fileRef = 722D82A81E4B035E00351231 /* CVPresent.swift */; };
		722D82C71E4B035E00351231 /* CVRange.swift in Sources */ = {isa = PBXBuildFile; fileRef = 722D82A91E4B035E00351231 /* CVRange.swift */; };
		722D82C81E4B035E00351231 /* CVScrollDirection.swift in Sources */ = {isa = PBXBuildFile; fileRef = 722D82AA1E4B035E00351231 /* CVScrollDirection.swift */; };
		722D82C91E4B035E00351231 /* CVSelectionType.swift in Sources */ = {isa = PBXBuildFile; fileRef = 722D82AB1E4B035E00351231 /* CVSelectionType.swift */; };
		722D82CA1E4B035E00351231 /* CVSet.swift in Sources */ = {isa = PBXBuildFile; fileRef = 722D82AC1E4B035E00351231 /* CVSet.swift */; };
		722D82CB1E4B035E00351231 /* CVShape.swift in Sources */ = {isa = PBXBuildFile; fileRef = 722D82AD1E4B035E00351231 /* CVShape.swift */; };
		722D82CC1E4B035E00351231 /* CVStatus.swift in Sources */ = {isa = PBXBuildFile; fileRef = 722D82AE1E4B035E00351231 /* CVStatus.swift */; };
		722D82CD1E4B035E00351231 /* CVWeekdaySymbolType.swift in Sources */ = {isa = PBXBuildFile; fileRef = 722D82AF1E4B035E00351231 /* CVWeekdaySymbolType.swift */; };
		722D82CE1E4B035E00351231 /* Info.plist in Resources */ = {isa = PBXBuildFile; fileRef = 722D82B01E4B035E00351231 /* Info.plist */; };
		72BF227A1E55FCE20090225D /* libWeChatSDK.a in Frameworks */ = {isa = PBXBuildFile; fileRef = 72BF22771E55FCE20090225D /* libWeChatSDK.a */; };
/* End PBXBuildFile section */

/* Begin PBXContainerItemProxy section */
		272EA3EE1E32DDB9004749A4 /* PBXContainerItemProxy */ = {
			isa = PBXContainerItemProxy;
			containerPortal = 272EA3D11E32DDB8004749A4 /* Project object */;
			proxyType = 1;
			remoteGlobalIDString = 272EA3D81E32DDB8004749A4;
			remoteInfo = iSDU;
		};
		272EA3F91E32DDB9004749A4 /* PBXContainerItemProxy */ = {
			isa = PBXContainerItemProxy;
			containerPortal = 272EA3D11E32DDB8004749A4 /* Project object */;
			proxyType = 1;
			remoteGlobalIDString = 272EA3D81E32DDB8004749A4;
			remoteInfo = iSDU;
		};
/* End PBXContainerItemProxy section */

/* Begin PBXFileReference section */
		1932AEE4C62EB01E3C087BB8 /* Pods_iSDU.framework */ = {isa = PBXFileReference; explicitFileType = wrapper.framework; includeInIndex = 0; path = Pods_iSDU.framework; sourceTree = BUILT_PRODUCTS_DIR; };
		272EA3DC1E32DDB8004749A4 /* AppDelegate.swift */ = {isa = PBXFileReference; lastKnownFileType = sourcecode.swift; path = AppDelegate.swift; sourceTree = "<group>"; };
		272EA3E11E32DDB8004749A4 /* Base */ = {isa = PBXFileReference; lastKnownFileType = file.storyboard; name = Base; path = Base.lproj/Main.storyboard; sourceTree = "<group>"; };
		272EA3E31E32DDB9004749A4 /* Assets.xcassets */ = {isa = PBXFileReference; lastKnownFileType = folder.assetcatalog; path = Assets.xcassets; sourceTree = "<group>"; };
		272EA3E61E32DDB9004749A4 /* Base */ = {isa = PBXFileReference; lastKnownFileType = file.storyboard; name = Base; path = Base.lproj/LaunchScreen.storyboard; sourceTree = "<group>"; };
		272EA3E81E32DDB9004749A4 /* Info.plist */ = {isa = PBXFileReference; lastKnownFileType = text.plist.xml; path = Info.plist; sourceTree = "<group>"; };
		272EA3F11E32DDB9004749A4 /* iSDUTests.swift */ = {isa = PBXFileReference; lastKnownFileType = sourcecode.swift; path = iSDUTests.swift; sourceTree = "<group>"; };
		272EA3F31E32DDB9004749A4 /* Info.plist */ = {isa = PBXFileReference; lastKnownFileType = text.plist.xml; path = Info.plist; sourceTree = "<group>"; };
		272EA3FC1E32DDB9004749A4 /* iSDUUITests.swift */ = {isa = PBXFileReference; lastKnownFileType = sourcecode.swift; path = iSDUUITests.swift; sourceTree = "<group>"; };
		272EA3FE1E32DDB9004749A4 /* Info.plist */ = {isa = PBXFileReference; lastKnownFileType = text.plist.xml; path = Info.plist; sourceTree = "<group>"; };
		2743D4F61E4AFC1F00C2EE50 /* TabOneViewController.swift */ = {isa = PBXFileReference; fileEncoding = 4; lastKnownFileType = sourcecode.swift; path = TabOneViewController.swift; sourceTree = "<group>"; };
		27A6B4971E40676900BBCAA9 /* WelcomePage.swift */ = {isa = PBXFileReference; fileEncoding = 4; lastKnownFileType = sourcecode.swift; path = WelcomePage.swift; sourceTree = "<group>"; };
		27A6B49D1E406D9A00BBCAA9 /* GuideCell.swift */ = {isa = PBXFileReference; fileEncoding = 4; lastKnownFileType = sourcecode.swift; path = GuideCell.swift; sourceTree = "<group>"; };
		27A6B4A11E40814E00BBCAA9 /* iSDU.app */ = {isa = PBXFileReference; explicitFileType = wrapper.application; includeInIndex = 0; path = iSDU.app; sourceTree = BUILT_PRODUCTS_DIR; };
		27A6B4A21E40814E00BBCAA9 /* iSDUTests.xctest */ = {isa = PBXFileReference; explicitFileType = wrapper.cfbundle; includeInIndex = 0; path = iSDUTests.xctest; sourceTree = BUILT_PRODUCTS_DIR; };
		27A6B4A31E40814E00BBCAA9 /* iSDUUITests.xctest */ = {isa = PBXFileReference; explicitFileType = wrapper.cfbundle; includeInIndex = 0; path = iSDUUITests.xctest; sourceTree = BUILT_PRODUCTS_DIR; };
		414E26A7E8009D9F822B7C58 /* Pods-iSDU.release.xcconfig */ = {isa = PBXFileReference; includeInIndex = 1; lastKnownFileType = text.xcconfig; name = "Pods-iSDU.release.xcconfig"; path = "Pods/Target Support Files/Pods-iSDU/Pods-iSDU.release.xcconfig"; sourceTree = "<group>"; };
		6F4235FCBD8E3C10AD3F712F /* Pods-iSDU.debug.xcconfig */ = {isa = PBXFileReference; includeInIndex = 1; lastKnownFileType = text.xcconfig; name = "Pods-iSDU.debug.xcconfig"; path = "Pods/Target Support Files/Pods-iSDU/Pods-iSDU.debug.xcconfig"; sourceTree = "<group>"; };
		721606681E4860CD00411670 /* MainViewController.swift */ = {isa = PBXFileReference; fileEncoding = 4; lastKnownFileType = sourcecode.swift; name = MainViewController.swift; path = Assets.xcassets/MainViewController.swift; sourceTree = "<group>"; };
		7216066B1E48637100411670 /* Base */ = {isa = PBXFileReference; lastKnownFileType = file.storyboard; name = Base; path = Base.lproj/First.storyboard; sourceTree = "<group>"; };
		7216066D1E48639F00411670 /* Second.storyboard */ = {isa = PBXFileReference; fileEncoding = 4; lastKnownFileType = file.storyboard; path = Second.storyboard; sourceTree = "<group>"; };
		721606701E4863D600411670 /* Base */ = {isa = PBXFileReference; lastKnownFileType = file.storyboard; name = Base; path = Base.lproj/Third.storyboard; sourceTree = "<group>"; };
		722A5FE61E52F2C400BD1E8D /* Base */ = {isa = PBXFileReference; lastKnownFileType = file.storyboard; name = Base; path = Base.lproj/Fourth.storyboard; sourceTree = "<group>"; };
		722D82921E4B035E00351231 /* CVAuxiliaryView.swift */ = {isa = PBXFileReference; fileEncoding = 4; lastKnownFileType = sourcecode.swift; path = CVAuxiliaryView.swift; sourceTree = "<group>"; };
		722D82931E4B035E00351231 /* CVCalendar.h */ = {isa = PBXFileReference; fileEncoding = 4; lastKnownFileType = sourcecode.c.h; path = CVCalendar.h; sourceTree = "<group>"; };
		722D82941E4B035E00351231 /* CVCalendarContentViewController.swift */ = {isa = PBXFileReference; fileEncoding = 4; lastKnownFileType = sourcecode.swift; path = CVCalendarContentViewController.swift; sourceTree = "<group>"; };
		722D82951E4B035E00351231 /* CVCalendarDayView.swift */ = {isa = PBXFileReference; fileEncoding = 4; lastKnownFileType = sourcecode.swift; path = CVCalendarDayView.swift; sourceTree = "<group>"; };
		722D82961E4B035E00351231 /* CVCalendarDayViewControlCoordinator.swift */ = {isa = PBXFileReference; fileEncoding = 4; lastKnownFileType = sourcecode.swift; path = CVCalendarDayViewControlCoordinator.swift; sourceTree = "<group>"; };
		722D82971E4B035E00351231 /* CVCalendarManager.swift */ = {isa = PBXFileReference; fileEncoding = 4; lastKnownFileType = sourcecode.swift; path = CVCalendarManager.swift; sourceTree = "<group>"; };
		722D82981E4B035E00351231 /* CVCalendarMenuView.swift */ = {isa = PBXFileReference; fileEncoding = 4; lastKnownFileType = sourcecode.swift; path = CVCalendarMenuView.swift; sourceTree = "<group>"; };
		722D82991E4B035E00351231 /* CVCalendarMenuViewDelegate.swift */ = {isa = PBXFileReference; fileEncoding = 4; lastKnownFileType = sourcecode.swift; path = CVCalendarMenuViewDelegate.swift; sourceTree = "<group>"; };
		722D829A1E4B035E00351231 /* CVCalendarMonthContentViewController.swift */ = {isa = PBXFileReference; fileEncoding = 4; lastKnownFileType = sourcecode.swift; path = CVCalendarMonthContentViewController.swift; sourceTree = "<group>"; };
		722D829B1E4B035E00351231 /* CVCalendarMonthView.swift */ = {isa = PBXFileReference; fileEncoding = 4; lastKnownFileType = sourcecode.swift; path = CVCalendarMonthView.swift; sourceTree = "<group>"; };
		722D829C1E4B035E00351231 /* CVCalendarTouchController.swift */ = {isa = PBXFileReference; fileEncoding = 4; lastKnownFileType = sourcecode.swift; path = CVCalendarTouchController.swift; sourceTree = "<group>"; };
		722D829D1E4B035E00351231 /* CVCalendarView.swift */ = {isa = PBXFileReference; fileEncoding = 4; lastKnownFileType = sourcecode.swift; path = CVCalendarView.swift; sourceTree = "<group>"; };
		722D829E1E4B035E00351231 /* CVCalendarViewAnimator.swift */ = {isa = PBXFileReference; fileEncoding = 4; lastKnownFileType = sourcecode.swift; path = CVCalendarViewAnimator.swift; sourceTree = "<group>"; };
		722D829F1E4B035E00351231 /* CVCalendarViewAnimatorDelegate.swift */ = {isa = PBXFileReference; fileEncoding = 4; lastKnownFileType = sourcecode.swift; path = CVCalendarViewAnimatorDelegate.swift; sourceTree = "<group>"; };
		722D82A01E4B035E00351231 /* CVCalendarViewAppearance.swift */ = {isa = PBXFileReference; fileEncoding = 4; lastKnownFileType = sourcecode.swift; path = CVCalendarViewAppearance.swift; sourceTree = "<group>"; };
		722D82A11E4B035E00351231 /* CVCalendarViewAppearanceDelegate.swift */ = {isa = PBXFileReference; fileEncoding = 4; lastKnownFileType = sourcecode.swift; path = CVCalendarViewAppearanceDelegate.swift; sourceTree = "<group>"; };
		722D82A21E4B035E00351231 /* CVCalendarViewDelegate.swift */ = {isa = PBXFileReference; fileEncoding = 4; lastKnownFileType = sourcecode.swift; path = CVCalendarViewDelegate.swift; sourceTree = "<group>"; };
		722D82A31E4B035E00351231 /* CVCalendarViewPresentationMode.swift */ = {isa = PBXFileReference; fileEncoding = 4; lastKnownFileType = sourcecode.swift; path = CVCalendarViewPresentationMode.swift; sourceTree = "<group>"; };
		722D82A41E4B035E00351231 /* CVCalendarWeekContentViewController.swift */ = {isa = PBXFileReference; fileEncoding = 4; lastKnownFileType = sourcecode.swift; path = CVCalendarWeekContentViewController.swift; sourceTree = "<group>"; };
		722D82A51E4B035E00351231 /* CVCalendarWeekday.swift */ = {isa = PBXFileReference; fileEncoding = 4; lastKnownFileType = sourcecode.swift; path = CVCalendarWeekday.swift; sourceTree = "<group>"; };
		722D82A61E4B035E00351231 /* CVCalendarWeekView.swift */ = {isa = PBXFileReference; fileEncoding = 4; lastKnownFileType = sourcecode.swift; path = CVCalendarWeekView.swift; sourceTree = "<group>"; };
		722D82A71E4B035E00351231 /* CVDate.swift */ = {isa = PBXFileReference; fileEncoding = 4; lastKnownFileType = sourcecode.swift; path = CVDate.swift; sourceTree = "<group>"; };
		722D82A81E4B035E00351231 /* CVPresent.swift */ = {isa = PBXFileReference; fileEncoding = 4; lastKnownFileType = sourcecode.swift; path = CVPresent.swift; sourceTree = "<group>"; };
		722D82A91E4B035E00351231 /* CVRange.swift */ = {isa = PBXFileReference; fileEncoding = 4; lastKnownFileType = sourcecode.swift; path = CVRange.swift; sourceTree = "<group>"; };
		722D82AA1E4B035E00351231 /* CVScrollDirection.swift */ = {isa = PBXFileReference; fileEncoding = 4; lastKnownFileType = sourcecode.swift; path = CVScrollDirection.swift; sourceTree = "<group>"; };
		722D82AB1E4B035E00351231 /* CVSelectionType.swift */ = {isa = PBXFileReference; fileEncoding = 4; lastKnownFileType = sourcecode.swift; path = CVSelectionType.swift; sourceTree = "<group>"; };
		722D82AC1E4B035E00351231 /* CVSet.swift */ = {isa = PBXFileReference; fileEncoding = 4; lastKnownFileType = sourcecode.swift; path = CVSet.swift; sourceTree = "<group>"; };
		722D82AD1E4B035E00351231 /* CVShape.swift */ = {isa = PBXFileReference; fileEncoding = 4; lastKnownFileType = sourcecode.swift; path = CVShape.swift; sourceTree = "<group>"; };
		722D82AE1E4B035E00351231 /* CVStatus.swift */ = {isa = PBXFileReference; fileEncoding = 4; lastKnownFileType = sourcecode.swift; path = CVStatus.swift; sourceTree = "<group>"; };
		722D82AF1E4B035E00351231 /* CVWeekdaySymbolType.swift */ = {isa = PBXFileReference; fileEncoding = 4; lastKnownFileType = sourcecode.swift; path = CVWeekdaySymbolType.swift; sourceTree = "<group>"; };
		722D82B01E4B035E00351231 /* Info.plist */ = {isa = PBXFileReference; fileEncoding = 4; lastKnownFileType = text.plist.xml; path = Info.plist; sourceTree = "<group>"; };
		72BF22771E55FCE20090225D /* libWeChatSDK.a */ = {isa = PBXFileReference; lastKnownFileType = archive.ar; path = libWeChatSDK.a; sourceTree = "<group>"; };
		72BF22781E55FCE20090225D /* WXApi.h */ = {isa = PBXFileReference; fileEncoding = 4; lastKnownFileType = sourcecode.c.h; path = WXApi.h; sourceTree = "<group>"; };
		72BF22791E55FCE20090225D /* WXApiObject.h */ = {isa = PBXFileReference; fileEncoding = 4; lastKnownFileType = sourcecode.c.h; path = WXApiObject.h; sourceTree = "<group>"; };
/* End PBXFileReference section */

/* Begin PBXFrameworksBuildPhase section */
		272EA3D61E32DDB8004749A4 /* Frameworks */ = {
			isa = PBXFrameworksBuildPhase;
			buildActionMask = 2147483647;
			files = (
				72BF227A1E55FCE20090225D /* libWeChatSDK.a in Frameworks */,
				234CEA976B130FA90B0B93A9 /* Pods_iSDU.framework in Frameworks */,
			);
			runOnlyForDeploymentPostprocessing = 0;
		};
		272EA3EA1E32DDB9004749A4 /* Frameworks */ = {
			isa = PBXFrameworksBuildPhase;
			buildActionMask = 2147483647;
			files = (
			);
			runOnlyForDeploymentPostprocessing = 0;
		};
		272EA3F51E32DDB9004749A4 /* Frameworks */ = {
			isa = PBXFrameworksBuildPhase;
			buildActionMask = 2147483647;
			files = (
			);
			runOnlyForDeploymentPostprocessing = 0;
		};
/* End PBXFrameworksBuildPhase section */

/* Begin PBXGroup section */
		271E311F1E3980F600CE745C /* Funcs */ = {
			isa = PBXGroup;
			children = (
			);
			name = Funcs;
			sourceTree = "<group>";
		};
		271E31201E39811A00CE745C /* Ui */ = {
			isa = PBXGroup;
			children = (
				27A6B4971E40676900BBCAA9 /* WelcomePage.swift */,
				27A6B49D1E406D9A00BBCAA9 /* GuideCell.swift */,
				2743D4F61E4AFC1F00C2EE50 /* TabOneViewController.swift */,
			);
			name = Ui;
			sourceTree = "<group>";
		};
		272EA3D01E32DDB8004749A4 = {
			isa = PBXGroup;
			children = (
				272EA3DB1E32DDB8004749A4 /* iSDU */,
				272EA3F01E32DDB9004749A4 /* iSDUTests */,
				272EA3FB1E32DDB9004749A4 /* iSDUUITests */,
				27A6B4A11E40814E00BBCAA9 /* iSDU.app */,
				27A6B4A21E40814E00BBCAA9 /* iSDUTests.xctest */,
				27A6B4A31E40814E00BBCAA9 /* iSDUUITests.xctest */,
				F7B7E4E9DC25AC0B72CEAF88 /* Pods */,
				ADF23D8E759609CD086DDE20 /* Frameworks */,
			);
			sourceTree = "<group>";
		};
		272EA3DB1E32DDB8004749A4 /* iSDU */ = {
			isa = PBXGroup;
			children = (
				72BF22761E55FCE20090225D /* WeChatSDK */,
				722D82911E4B035E00351231 /* CVCalendar */,
				271E31201E39811A00CE745C /* Ui */,
				271E311F1E3980F600CE745C /* Funcs */,
				272EA3DC1E32DDB8004749A4 /* AppDelegate.swift */,
				721606681E4860CD00411670 /* MainViewController.swift */,
				272EA3E01E32DDB8004749A4 /* Main.storyboard */,
				722A5FE51E52F2C400BD1E8D /* Fourth.storyboard */,
				7216066F1E4863D600411670 /* Third.storyboard */,
				7216066D1E48639F00411670 /* Second.storyboard */,
				7216066A1E48637100411670 /* First.storyboard */,
				272EA3E31E32DDB9004749A4 /* Assets.xcassets */,
				272EA3E51E32DDB9004749A4 /* LaunchScreen.storyboard */,
				272EA3E81E32DDB9004749A4 /* Info.plist */,
			);
			path = iSDU;
			sourceTree = "<group>";
		};
		272EA3F01E32DDB9004749A4 /* iSDUTests */ = {
			isa = PBXGroup;
			children = (
				272EA3F11E32DDB9004749A4 /* iSDUTests.swift */,
				272EA3F31E32DDB9004749A4 /* Info.plist */,
			);
			path = iSDUTests;
			sourceTree = "<group>";
		};
		272EA3FB1E32DDB9004749A4 /* iSDUUITests */ = {
			isa = PBXGroup;
			children = (
				272EA3FC1E32DDB9004749A4 /* iSDUUITests.swift */,
				272EA3FE1E32DDB9004749A4 /* Info.plist */,
			);
			path = iSDUUITests;
			sourceTree = "<group>";
		};
		722D82911E4B035E00351231 /* CVCalendar */ = {
			isa = PBXGroup;
			children = (
				722D82921E4B035E00351231 /* CVAuxiliaryView.swift */,
				722D82931E4B035E00351231 /* CVCalendar.h */,
				722D82941E4B035E00351231 /* CVCalendarContentViewController.swift */,
				722D82951E4B035E00351231 /* CVCalendarDayView.swift */,
				722D82961E4B035E00351231 /* CVCalendarDayViewControlCoordinator.swift */,
				722D82971E4B035E00351231 /* CVCalendarManager.swift */,
				722D82981E4B035E00351231 /* CVCalendarMenuView.swift */,
				722D82991E4B035E00351231 /* CVCalendarMenuViewDelegate.swift */,
				722D829A1E4B035E00351231 /* CVCalendarMonthContentViewController.swift */,
				722D829B1E4B035E00351231 /* CVCalendarMonthView.swift */,
				722D829C1E4B035E00351231 /* CVCalendarTouchController.swift */,
				722D829D1E4B035E00351231 /* CVCalendarView.swift */,
				722D829E1E4B035E00351231 /* CVCalendarViewAnimator.swift */,
				722D829F1E4B035E00351231 /* CVCalendarViewAnimatorDelegate.swift */,
				722D82A01E4B035E00351231 /* CVCalendarViewAppearance.swift */,
				722D82A11E4B035E00351231 /* CVCalendarViewAppearanceDelegate.swift */,
				722D82A21E4B035E00351231 /* CVCalendarViewDelegate.swift */,
				722D82A31E4B035E00351231 /* CVCalendarViewPresentationMode.swift */,
				722D82A41E4B035E00351231 /* CVCalendarWeekContentViewController.swift */,
				722D82A51E4B035E00351231 /* CVCalendarWeekday.swift */,
				722D82A61E4B035E00351231 /* CVCalendarWeekView.swift */,
				722D82A71E4B035E00351231 /* CVDate.swift */,
				722D82A81E4B035E00351231 /* CVPresent.swift */,
				722D82A91E4B035E00351231 /* CVRange.swift */,
				722D82AA1E4B035E00351231 /* CVScrollDirection.swift */,
				722D82AB1E4B035E00351231 /* CVSelectionType.swift */,
				722D82AC1E4B035E00351231 /* CVSet.swift */,
				722D82AD1E4B035E00351231 /* CVShape.swift */,
				722D82AE1E4B035E00351231 /* CVStatus.swift */,
				722D82AF1E4B035E00351231 /* CVWeekdaySymbolType.swift */,
				722D82B01E4B035E00351231 /* Info.plist */,
			);
			path = CVCalendar;
			sourceTree = "<group>";
		};
		72BF22761E55FCE20090225D /* WeChatSDK */ = {
			isa = PBXGroup;
			children = (
				72BF22771E55FCE20090225D /* libWeChatSDK.a */,
				72BF22781E55FCE20090225D /* WXApi.h */,
				72BF22791E55FCE20090225D /* WXApiObject.h */,
			);
			path = WeChatSDK;
			sourceTree = "<group>";
		};
		ADF23D8E759609CD086DDE20 /* Frameworks */ = {
			isa = PBXGroup;
			children = (
				1932AEE4C62EB01E3C087BB8 /* Pods_iSDU.framework */,
			);
			name = Frameworks;
			sourceTree = "<group>";
		};
		F7B7E4E9DC25AC0B72CEAF88 /* Pods */ = {
			isa = PBXGroup;
			children = (
				6F4235FCBD8E3C10AD3F712F /* Pods-iSDU.debug.xcconfig */,
				414E26A7E8009D9F822B7C58 /* Pods-iSDU.release.xcconfig */,
			);
			name = Pods;
			sourceTree = "<group>";
		};
/* End PBXGroup section */

/* Begin PBXNativeTarget section */
		272EA3D81E32DDB8004749A4 /* iSDU */ = {
			isa = PBXNativeTarget;
			buildConfigurationList = 272EA4011E32DDB9004749A4 /* Build configuration list for PBXNativeTarget "iSDU" */;
			buildPhases = (
				777215BD33651B898FC772FC /* [CP] Check Pods Manifest.lock */,
				272EA3D51E32DDB8004749A4 /* Sources */,
				272EA3D61E32DDB8004749A4 /* Frameworks */,
				272EA3D71E32DDB8004749A4 /* Resources */,
				FBCA78DE48799E88B0CA0B93 /* [CP] Embed Pods Frameworks */,
				95B68B6355088B8E5B5BD059 /* [CP] Copy Pods Resources */,
			);
			buildRules = (
			);
			dependencies = (
			);
			name = iSDU;
			productName = iSDU;
			productReference = 27A6B4A11E40814E00BBCAA9 /* iSDU.app */;
			productType = "com.apple.product-type.application";
		};
		272EA3EC1E32DDB9004749A4 /* iSDUTests */ = {
			isa = PBXNativeTarget;
			buildConfigurationList = 272EA4041E32DDB9004749A4 /* Build configuration list for PBXNativeTarget "iSDUTests" */;
			buildPhases = (
				272EA3E91E32DDB9004749A4 /* Sources */,
				272EA3EA1E32DDB9004749A4 /* Frameworks */,
				272EA3EB1E32DDB9004749A4 /* Resources */,
			);
			buildRules = (
			);
			dependencies = (
				272EA3EF1E32DDB9004749A4 /* PBXTargetDependency */,
			);
			name = iSDUTests;
			productName = iSDUTests;
			productReference = 27A6B4A21E40814E00BBCAA9 /* iSDUTests.xctest */;
			productType = "com.apple.product-type.bundle.unit-test";
		};
		272EA3F71E32DDB9004749A4 /* iSDUUITests */ = {
			isa = PBXNativeTarget;
			buildConfigurationList = 272EA4071E32DDB9004749A4 /* Build configuration list for PBXNativeTarget "iSDUUITests" */;
			buildPhases = (
				272EA3F41E32DDB9004749A4 /* Sources */,
				272EA3F51E32DDB9004749A4 /* Frameworks */,
				272EA3F61E32DDB9004749A4 /* Resources */,
			);
			buildRules = (
			);
			dependencies = (
				272EA3FA1E32DDB9004749A4 /* PBXTargetDependency */,
			);
			name = iSDUUITests;
			productName = iSDUUITests;
			productReference = 27A6B4A31E40814E00BBCAA9 /* iSDUUITests.xctest */;
			productType = "com.apple.product-type.bundle.ui-testing";
		};
/* End PBXNativeTarget section */

/* Begin PBXProject section */
		272EA3D11E32DDB8004749A4 /* Project object */ = {
			isa = PBXProject;
			attributes = {
				LastSwiftUpdateCheck = 0820;
				LastUpgradeCheck = 0820;
				ORGANIZATIONNAME = "Micky&Murray";
				TargetAttributes = {
					272EA3D81E32DDB8004749A4 = {
						CreatedOnToolsVersion = 8.2.1;
						DevelopmentTeam = 6X34763RUV;
						LastSwiftMigration = 0820;
						ProvisioningStyle = Automatic;
					};
					272EA3EC1E32DDB9004749A4 = {
						CreatedOnToolsVersion = 8.2.1;
						LastSwiftMigration = 0820;
						ProvisioningStyle = Automatic;
						TestTargetID = 272EA3D81E32DDB8004749A4;
					};
					272EA3F71E32DDB9004749A4 = {
						CreatedOnToolsVersion = 8.2.1;
						LastSwiftMigration = 0820;
						ProvisioningStyle = Automatic;
						TestTargetID = 272EA3D81E32DDB8004749A4;
					};
				};
			};
			buildConfigurationList = 272EA3D41E32DDB8004749A4 /* Build configuration list for PBXProject "iSDU" */;
			compatibilityVersion = "Xcode 3.2";
			developmentRegion = English;
			hasScannedForEncodings = 0;
			knownRegions = (
				en,
				Base,
			);
			mainGroup = 272EA3D01E32DDB8004749A4;
			productRefGroup = 272EA3D01E32DDB8004749A4;
			projectDirPath = "";
			projectRoot = "";
			targets = (
				272EA3D81E32DDB8004749A4 /* iSDU */,
				272EA3EC1E32DDB9004749A4 /* iSDUTests */,
				272EA3F71E32DDB9004749A4 /* iSDUUITests */,
			);
		};
/* End PBXProject section */

/* Begin PBXResourcesBuildPhase section */
		272EA3D71E32DDB8004749A4 /* Resources */ = {
			isa = PBXResourcesBuildPhase;
			buildActionMask = 2147483647;
			files = (
				722A5FE71E52F2C400BD1E8D /* Fourth.storyboard in Resources */,
				272EA3E71E32DDB9004749A4 /* LaunchScreen.storyboard in Resources */,
				272EA3E41E32DDB9004749A4 /* Assets.xcassets in Resources */,
				272EA3E21E32DDB8004749A4 /* Main.storyboard in Resources */,
				7216066E1E48639F00411670 /* Second.storyboard in Resources */,
				721606711E4863D600411670 /* Third.storyboard in Resources */,
				7216066C1E48637100411670 /* First.storyboard in Resources */,
				722D82CE1E4B035E00351231 /* Info.plist in Resources */,
			);
			runOnlyForDeploymentPostprocessing = 0;
		};
		272EA3EB1E32DDB9004749A4 /* Resources */ = {
			isa = PBXResourcesBuildPhase;
			buildActionMask = 2147483647;
			files = (
			);
			runOnlyForDeploymentPostprocessing = 0;
		};
		272EA3F61E32DDB9004749A4 /* Resources */ = {
			isa = PBXResourcesBuildPhase;
			buildActionMask = 2147483647;
			files = (
			);
			runOnlyForDeploymentPostprocessing = 0;
		};
/* End PBXResourcesBuildPhase section */

/* Begin PBXShellScriptBuildPhase section */
		777215BD33651B898FC772FC /* [CP] Check Pods Manifest.lock */ = {
			isa = PBXShellScriptBuildPhase;
			buildActionMask = 2147483647;
			files = (
			);
			inputPaths = (
			);
			name = "[CP] Check Pods Manifest.lock";
			outputPaths = (
			);
			runOnlyForDeploymentPostprocessing = 0;
			shellPath = /bin/sh;
			shellScript = "diff \"${PODS_ROOT}/../Podfile.lock\" \"${PODS_ROOT}/Manifest.lock\" > /dev/null\nif [ $? != 0 ] ; then\n    # print error to STDERR\n    echo \"error: The sandbox is not in sync with the Podfile.lock. Run 'pod install' or update your CocoaPods installation.\" >&2\n    exit 1\nfi\n";
			showEnvVarsInLog = 0;
		};
		95B68B6355088B8E5B5BD059 /* [CP] Copy Pods Resources */ = {
			isa = PBXShellScriptBuildPhase;
			buildActionMask = 2147483647;
			files = (
			);
			inputPaths = (
			);
			name = "[CP] Copy Pods Resources";
			outputPaths = (
			);
			runOnlyForDeploymentPostprocessing = 0;
			shellPath = /bin/sh;
			shellScript = "\"${SRCROOT}/Pods/Target Support Files/Pods-iSDU/Pods-iSDU-resources.sh\"\n";
			showEnvVarsInLog = 0;
		};
		FBCA78DE48799E88B0CA0B93 /* [CP] Embed Pods Frameworks */ = {
			isa = PBXShellScriptBuildPhase;
			buildActionMask = 2147483647;
			files = (
			);
			inputPaths = (
			);
			name = "[CP] Embed Pods Frameworks";
			outputPaths = (
			);
			runOnlyForDeploymentPostprocessing = 0;
			shellPath = /bin/sh;
			shellScript = "\"${SRCROOT}/Pods/Target Support Files/Pods-iSDU/Pods-iSDU-frameworks.sh\"\n";
			showEnvVarsInLog = 0;
		};
/* End PBXShellScriptBuildPhase section */

/* Begin PBXSourcesBuildPhase section */
		272EA3D51E32DDB8004749A4 /* Sources */ = {
			isa = PBXSourcesBuildPhase;
			buildActionMask = 2147483647;
			files = (
				722D82C51E4B035E00351231 /* CVDate.swift in Sources */,
				27A6B49E1E406D9A00BBCAA9 /* GuideCell.swift in Sources */,
				722D82C81E4B035E00351231 /* CVScrollDirection.swift in Sources */,
				722D82B81E4B035E00351231 /* CVCalendarMonthContentViewController.swift in Sources */,
				2743D4F71E4AFC1F00C2EE50 /* TabOneViewController.swift in Sources */,
				722D82B21E4B035E00351231 /* CVCalendarContentViewController.swift in Sources */,
				722D82B91E4B035E00351231 /* CVCalendarMonthView.swift in Sources */,
				722D82C71E4B035E00351231 /* CVRange.swift in Sources */,
				27A6B4981E40676900BBCAA9 /* WelcomePage.swift in Sources */,
				272EA3DD1E32DDB8004749A4 /* AppDelegate.swift in Sources */,
				722D82C31E4B035E00351231 /* CVCalendarWeekday.swift in Sources */,
				722D82C41E4B035E00351231 /* CVCalendarWeekView.swift in Sources */,
				722D82CA1E4B035E00351231 /* CVSet.swift in Sources */,
				722D82CC1E4B035E00351231 /* CVStatus.swift in Sources */,
				722D82B11E4B035E00351231 /* CVAuxiliaryView.swift in Sources */,
				722D82CD1E4B035E00351231 /* CVWeekdaySymbolType.swift in Sources */,
				722D82C21E4B035E00351231 /* CVCalendarWeekContentViewController.swift in Sources */,
				722D82BE1E4B035E00351231 /* CVCalendarViewAppearance.swift in Sources */,
				722D82BC1E4B035E00351231 /* CVCalendarViewAnimator.swift in Sources */,
				722D82C01E4B035E00351231 /* CVCalendarViewDelegate.swift in Sources */,
				722D82CB1E4B035E00351231 /* CVShape.swift in Sources */,
				722D82BF1E4B035E00351231 /* CVCalendarViewAppearanceDelegate.swift in Sources */,
				722D82BD1E4B035E00351231 /* CVCalendarViewAnimatorDelegate.swift in Sources */,
				722D82B51E4B035E00351231 /* CVCalendarManager.swift in Sources */,
				722D82C61E4B035E00351231 /* CVPresent.swift in Sources */,
				722D82C91E4B035E00351231 /* CVSelectionType.swift in Sources */,
				722D82C11E4B035E00351231 /* CVCalendarViewPresentationMode.swift in Sources */,
				722D82B31E4B035E00351231 /* CVCalendarDayView.swift in Sources */,
				722D82BA1E4B035E00351231 /* CVCalendarTouchController.swift in Sources */,
				721606691E4860CE00411670 /* MainViewController.swift in Sources */,
				722D82B41E4B035E00351231 /* CVCalendarDayViewControlCoordinator.swift in Sources */,
				722D82BB1E4B035E00351231 /* CVCalendarView.swift in Sources */,
				722D82B71E4B035E00351231 /* CVCalendarMenuViewDelegate.swift in Sources */,
				722D82B61E4B035E00351231 /* CVCalendarMenuView.swift in Sources */,
			);
			runOnlyForDeploymentPostprocessing = 0;
		};
		272EA3E91E32DDB9004749A4 /* Sources */ = {
			isa = PBXSourcesBuildPhase;
			buildActionMask = 2147483647;
			files = (
				272EA3F21E32DDB9004749A4 /* iSDUTests.swift in Sources */,
			);
			runOnlyForDeploymentPostprocessing = 0;
		};
		272EA3F41E32DDB9004749A4 /* Sources */ = {
			isa = PBXSourcesBuildPhase;
			buildActionMask = 2147483647;
			files = (
				272EA3FD1E32DDB9004749A4 /* iSDUUITests.swift in Sources */,
			);
			runOnlyForDeploymentPostprocessing = 0;
		};
/* End PBXSourcesBuildPhase section */

/* Begin PBXTargetDependency section */
		272EA3EF1E32DDB9004749A4 /* PBXTargetDependency */ = {
			isa = PBXTargetDependency;
			target = 272EA3D81E32DDB8004749A4 /* iSDU */;
			targetProxy = 272EA3EE1E32DDB9004749A4 /* PBXContainerItemProxy */;
		};
		272EA3FA1E32DDB9004749A4 /* PBXTargetDependency */ = {
			isa = PBXTargetDependency;
			target = 272EA3D81E32DDB8004749A4 /* iSDU */;
			targetProxy = 272EA3F91E32DDB9004749A4 /* PBXContainerItemProxy */;
		};
/* End PBXTargetDependency section */

/* Begin PBXVariantGroup section */
		272EA3E01E32DDB8004749A4 /* Main.storyboard */ = {
			isa = PBXVariantGroup;
			children = (
				272EA3E11E32DDB8004749A4 /* Base */,
			);
			name = Main.storyboard;
			sourceTree = "<group>";
		};
		272EA3E51E32DDB9004749A4 /* LaunchScreen.storyboard */ = {
			isa = PBXVariantGroup;
			children = (
				272EA3E61E32DDB9004749A4 /* Base */,
			);
			name = LaunchScreen.storyboard;
			sourceTree = "<group>";
		};
		7216066A1E48637100411670 /* First.storyboard */ = {
			isa = PBXVariantGroup;
			children = (
				7216066B1E48637100411670 /* Base */,
			);
			name = First.storyboard;
			sourceTree = "<group>";
		};
		7216066F1E4863D600411670 /* Third.storyboard */ = {
			isa = PBXVariantGroup;
			children = (
				721606701E4863D600411670 /* Base */,
			);
			name = Third.storyboard;
			sourceTree = "<group>";
		};
		722A5FE51E52F2C400BD1E8D /* Fourth.storyboard */ = {
			isa = PBXVariantGroup;
			children = (
				722A5FE61E52F2C400BD1E8D /* Base */,
			);
			name = Fourth.storyboard;
			sourceTree = "<group>";
		};
/* End PBXVariantGroup section */

/* Begin XCBuildConfiguration section */
		272EA3FF1E32DDB9004749A4 /* Debug */ = {
			isa = XCBuildConfiguration;
			buildSettings = {
				ALWAYS_SEARCH_USER_PATHS = NO;
				CLANG_ANALYZER_NONNULL = YES;
				CLANG_CXX_LANGUAGE_STANDARD = "gnu++0x";
				CLANG_CXX_LIBRARY = "libc++";
				CLANG_ENABLE_MODULES = YES;
				CLANG_ENABLE_OBJC_ARC = YES;
				CLANG_WARN_BOOL_CONVERSION = YES;
				CLANG_WARN_CONSTANT_CONVERSION = YES;
				CLANG_WARN_DIRECT_OBJC_ISA_USAGE = YES_ERROR;
				CLANG_WARN_DOCUMENTATION_COMMENTS = YES;
				CLANG_WARN_EMPTY_BODY = YES;
				CLANG_WARN_ENUM_CONVERSION = YES;
				CLANG_WARN_INFINITE_RECURSION = YES;
				CLANG_WARN_INT_CONVERSION = YES;
				CLANG_WARN_OBJC_ROOT_CLASS = YES_ERROR;
				CLANG_WARN_SUSPICIOUS_MOVE = YES;
				CLANG_WARN_UNREACHABLE_CODE = YES;
				CLANG_WARN__DUPLICATE_METHOD_MATCH = YES;
				"CODE_SIGN_IDENTITY[sdk=iphoneos*]" = "iPhone Developer";
				COPY_PHASE_STRIP = NO;
				DEBUG_INFORMATION_FORMAT = dwarf;
				ENABLE_STRICT_OBJC_MSGSEND = YES;
				ENABLE_TESTABILITY = YES;
				GCC_C_LANGUAGE_STANDARD = gnu99;
				GCC_DYNAMIC_NO_PIC = NO;
				GCC_NO_COMMON_BLOCKS = YES;
				GCC_OPTIMIZATION_LEVEL = 0;
				GCC_PREPROCESSOR_DEFINITIONS = (
					"DEBUG=1",
					"$(inherited)",
				);
				GCC_WARN_64_TO_32_BIT_CONVERSION = YES;
				GCC_WARN_ABOUT_RETURN_TYPE = YES_ERROR;
				GCC_WARN_UNDECLARED_SELECTOR = YES;
				GCC_WARN_UNINITIALIZED_AUTOS = YES_AGGRESSIVE;
				GCC_WARN_UNUSED_FUNCTION = YES;
				GCC_WARN_UNUSED_VARIABLE = YES;
				IPHONEOS_DEPLOYMENT_TARGET = 10.2;
				MTL_ENABLE_DEBUG_INFO = YES;
				ONLY_ACTIVE_ARCH = YES;
				SDKROOT = iphoneos;
				SWIFT_ACTIVE_COMPILATION_CONDITIONS = DEBUG;
				SWIFT_OPTIMIZATION_LEVEL = "-Onone";
				TARGETED_DEVICE_FAMILY = "1,2";
			};
			name = Debug;
		};
		272EA4001E32DDB9004749A4 /* Release */ = {
			isa = XCBuildConfiguration;
			buildSettings = {
				ALWAYS_SEARCH_USER_PATHS = NO;
				CLANG_ANALYZER_NONNULL = YES;
				CLANG_CXX_LANGUAGE_STANDARD = "gnu++0x";
				CLANG_CXX_LIBRARY = "libc++";
				CLANG_ENABLE_MODULES = YES;
				CLANG_ENABLE_OBJC_ARC = YES;
				CLANG_WARN_BOOL_CONVERSION = YES;
				CLANG_WARN_CONSTANT_CONVERSION = YES;
				CLANG_WARN_DIRECT_OBJC_ISA_USAGE = YES_ERROR;
				CLANG_WARN_DOCUMENTATION_COMMENTS = YES;
				CLANG_WARN_EMPTY_BODY = YES;
				CLANG_WARN_ENUM_CONVERSION = YES;
				CLANG_WARN_INFINITE_RECURSION = YES;
				CLANG_WARN_INT_CONVERSION = YES;
				CLANG_WARN_OBJC_ROOT_CLASS = YES_ERROR;
				CLANG_WARN_SUSPICIOUS_MOVE = YES;
				CLANG_WARN_UNREACHABLE_CODE = YES;
				CLANG_WARN__DUPLICATE_METHOD_MATCH = YES;
				"CODE_SIGN_IDENTITY[sdk=iphoneos*]" = "iPhone Developer";
				COPY_PHASE_STRIP = NO;
				DEBUG_INFORMATION_FORMAT = "dwarf-with-dsym";
				ENABLE_NS_ASSERTIONS = NO;
				ENABLE_STRICT_OBJC_MSGSEND = YES;
				GCC_C_LANGUAGE_STANDARD = gnu99;
				GCC_NO_COMMON_BLOCKS = YES;
				GCC_WARN_64_TO_32_BIT_CONVERSION = YES;
				GCC_WARN_ABOUT_RETURN_TYPE = YES_ERROR;
				GCC_WARN_UNDECLARED_SELECTOR = YES;
				GCC_WARN_UNINITIALIZED_AUTOS = YES_AGGRESSIVE;
				GCC_WARN_UNUSED_FUNCTION = YES;
				GCC_WARN_UNUSED_VARIABLE = YES;
				IPHONEOS_DEPLOYMENT_TARGET = 10.2;
				MTL_ENABLE_DEBUG_INFO = NO;
				SDKROOT = iphoneos;
				SWIFT_OPTIMIZATION_LEVEL = "-Owholemodule";
				TARGETED_DEVICE_FAMILY = "1,2";
				VALIDATE_PRODUCT = YES;
			};
			name = Release;
		};
		272EA4021E32DDB9004749A4 /* Debug */ = {
			isa = XCBuildConfiguration;
			baseConfigurationReference = 6F4235FCBD8E3C10AD3F712F /* Pods-iSDU.debug.xcconfig */;
			buildSettings = {
				ASSETCATALOG_COMPILER_APPICON_NAME = AppIcon;
				DEVELOPMENT_TEAM = 6X34763RUV;
				INFOPLIST_FILE = iSDU/Info.plist;
				LD_RUNPATH_SEARCH_PATHS = "$(inherited) @executable_path/Frameworks";
				LIBRARY_SEARCH_PATHS = (
					"$(inherited)",
					"$(PROJECT_DIR)/iSDU/WeChatSDK",
				);
				PRODUCT_BUNDLE_IDENTIFIER = China.iSDU;
				PRODUCT_NAME = "$(TARGET_NAME)";
				SWIFT_VERSION = 3.0;
			};
			name = Debug;
		};
		272EA4031E32DDB9004749A4 /* Release */ = {
			isa = XCBuildConfiguration;
			baseConfigurationReference = 414E26A7E8009D9F822B7C58 /* Pods-iSDU.release.xcconfig */;
			buildSettings = {
				ASSETCATALOG_COMPILER_APPICON_NAME = AppIcon;
				DEVELOPMENT_TEAM = 6X34763RUV;
				INFOPLIST_FILE = iSDU/Info.plist;
				LD_RUNPATH_SEARCH_PATHS = "$(inherited) @executable_path/Frameworks";
				LIBRARY_SEARCH_PATHS = (
					"$(inherited)",
					"$(PROJECT_DIR)/iSDU/WeChatSDK",
				);
				PRODUCT_BUNDLE_IDENTIFIER = China.iSDU;
				PRODUCT_NAME = "$(TARGET_NAME)";
				SWIFT_VERSION = 3.0;
			};
			name = Release;
		};
		272EA4051E32DDB9004749A4 /* Debug */ = {
			isa = XCBuildConfiguration;
			buildSettings = {
				ALWAYS_EMBED_SWIFT_STANDARD_LIBRARIES = YES;
				BUNDLE_LOADER = "$(TEST_HOST)";
				INFOPLIST_FILE = iSDUTests/Info.plist;
				LD_RUNPATH_SEARCH_PATHS = "$(inherited) @executable_path/Frameworks @loader_path/Frameworks";
				PRODUCT_BUNDLE_IDENTIFIER = China.iSDUTests;
				PRODUCT_NAME = "$(TARGET_NAME)";
				SWIFT_VERSION = 3.0;
				TEST_HOST = "$(BUILT_PRODUCTS_DIR)/iSDU.app/iSDU";
			};
			name = Debug;
		};
		272EA4061E32DDB9004749A4 /* Release */ = {
			isa = XCBuildConfiguration;
			buildSettings = {
				ALWAYS_EMBED_SWIFT_STANDARD_LIBRARIES = YES;
				BUNDLE_LOADER = "$(TEST_HOST)";
				INFOPLIST_FILE = iSDUTests/Info.plist;
				LD_RUNPATH_SEARCH_PATHS = "$(inherited) @executable_path/Frameworks @loader_path/Frameworks";
				PRODUCT_BUNDLE_IDENTIFIER = China.iSDUTests;
				PRODUCT_NAME = "$(TARGET_NAME)";
				SWIFT_VERSION = 3.0;
				TEST_HOST = "$(BUILT_PRODUCTS_DIR)/iSDU.app/iSDU";
			};
			name = Release;
		};
		272EA4081E32DDB9004749A4 /* Debug */ = {
			isa = XCBuildConfiguration;
			buildSettings = {
				ALWAYS_EMBED_SWIFT_STANDARD_LIBRARIES = YES;
				INFOPLIST_FILE = iSDUUITests/Info.plist;
				LD_RUNPATH_SEARCH_PATHS = "$(inherited) @executable_path/Frameworks @loader_path/Frameworks";
				PRODUCT_BUNDLE_IDENTIFIER = China.iSDUUITests;
				PRODUCT_NAME = "$(TARGET_NAME)";
				SWIFT_VERSION = 3.0;
				TEST_TARGET_NAME = iSDU;
			};
			name = Debug;
		};
		272EA4091E32DDB9004749A4 /* Release */ = {
			isa = XCBuildConfiguration;
			buildSettings = {
				ALWAYS_EMBED_SWIFT_STANDARD_LIBRARIES = YES;
				INFOPLIST_FILE = iSDUUITests/Info.plist;
				LD_RUNPATH_SEARCH_PATHS = "$(inherited) @executable_path/Frameworks @loader_path/Frameworks";
				PRODUCT_BUNDLE_IDENTIFIER = China.iSDUUITests;
				PRODUCT_NAME = "$(TARGET_NAME)";
				SWIFT_VERSION = 3.0;
				TEST_TARGET_NAME = iSDU;
			};
			name = Release;
		};
/* End XCBuildConfiguration section */

/* Begin XCConfigurationList section */
		272EA3D41E32DDB8004749A4 /* Build configuration list for PBXProject "iSDU" */ = {
			isa = XCConfigurationList;
			buildConfigurations = (
				272EA3FF1E32DDB9004749A4 /* Debug */,
				272EA4001E32DDB9004749A4 /* Release */,
			);
			defaultConfigurationIsVisible = 0;
			defaultConfigurationName = Release;
		};
		272EA4011E32DDB9004749A4 /* Build configuration list for PBXNativeTarget "iSDU" */ = {
			isa = XCConfigurationList;
			buildConfigurations = (
				272EA4021E32DDB9004749A4 /* Debug */,
				272EA4031E32DDB9004749A4 /* Release */,
			);
			defaultConfigurationIsVisible = 0;
			defaultConfigurationName = Release;
		};
		272EA4041E32DDB9004749A4 /* Build configuration list for PBXNativeTarget "iSDUTests" */ = {
			isa = XCConfigurationList;
			buildConfigurations = (
				272EA4051E32DDB9004749A4 /* Debug */,
				272EA4061E32DDB9004749A4 /* Release */,
			);
			defaultConfigurationIsVisible = 0;
			defaultConfigurationName = Release;
		};
		272EA4071E32DDB9004749A4 /* Build configuration list for PBXNativeTarget "iSDUUITests" */ = {
			isa = XCConfigurationList;
			buildConfigurations = (
				272EA4081E32DDB9004749A4 /* Debug */,
				272EA4091E32DDB9004749A4 /* Release */,
			);
			defaultConfigurationIsVisible = 0;
			defaultConfigurationName = Release;
		};
/* End XCConfigurationList section */
	};
	rootObject = 272EA3D11E32DDB8004749A4 /* Project object */;
}
